
Microsoft Visual Studio Solution File, Format Version 12.00
# Visual Studio Version 16
VisualStudioVersion = 16.0.32901.82
MinimumVisualStudioVersion = 10.0.40219.1
Project("{FAE04EC0-301F-11D3-BF4B-00C04F79EFBC}") = "Game", "Game\Game.csproj", "{FCE8D258-BE47-4439-A953-A23363E0CB5F}"
EndProject
Global
	GlobalSection(SolutionConfigurationPlatforms) = preSolution
		Debug|Any CPU = Debug|Any CPU
		Release|Any CPU = Release|Any CPU
	EndGlobalSection
	GlobalSection(ProjectConfigurationPlatforms) = postSolution
		{FCE8D258-BE47-4439-A953-A23363E0CB5F}.Debug|Any CPU.ActiveCfg = Debug|Any CPU
		{FCE8D258-BE47-4439-A953-A23363E0CB5F}.Debug|Any CPU.Build.0 = Debug|Any CPU
		{FCE8D258-BE47-4439-A953-A23363E0CB5F}.Release|Any CPU.ActiveCfg = Release|Any CPU
		{FCE8D258-BE47-4439-A953-A23363E0CB5F}.Release|Any CPU.Build.0 = Release|Any CPU
	EndGlobalSection
	GlobalSection(SolutionProperties) = preSolution
		HideSolutionNode = FALSE
	EndGlobalSection
	GlobalSection(ExtensibilityGlobals) = postSolution
		SolutionGuid = {DF627BBB-7B6A-452F-951D-FD8EA4C48C62}
	EndGlobalSection
EndGlobal
